{
  "name": "ccurl",
  "version": "0.7.0",
  "lockfileVersion": 2,
  "requires": true,
  "packages": {
    "": {
      "name": "ccurl",
      "version": "0.7.0",
      "license": "Apache-2.0",
      "dependencies": {
        "ccurllib": "^1.2.2"
      },
      "bin": {
        "ccurl": "bin/ccurl.bin.js"
      }
    },
    "node_modules/ccurllib": {
      "version": "1.2.2",
      "resolved": "https://registry.npmjs.org/ccurllib/-/ccurllib-1.2.2.tgz",
      "integrity": "sha512-6BINOV1vTApwajPQttZavRaHB/KhE6z9oYFDsLFbcyzLkslB17Ajqa3I8ZmAOcFOxNfldE0jeQDvVTP+z8v8SQ=="
    }
  },
  "dependencies": {
    "ccurllib": {
      "version": "1.2.2",
      "resolved": "https://registry.npmjs.org/ccurllib/-/ccurllib-1.2.2.tgz",
      "integrity": "sha512-6BINOV1vTApwajPQttZavRaHB/KhE6z9oYFDsLFbcyzLkslB17Ajqa3I8ZmAOcFOxNfldE0jeQDvVTP+z8v8SQ=="
    }
  }
}
