{
  "name": "ccurl",
  "version": "0.7.0",
  "lockfileVersion": 2,
  "requires": true,
  "packages": {
    "": {
      "name": "ccurl",
      "version": "0.7.0",
      "license": "Apache-2.0",
      "dependencies": {
        "ccurllib": "^1.4.0"
      },
      "bin": {
        "ccurl": "bin/ccurl.bin.js"
      }
    },
    "node_modules/ccurllib": {
      "version": "1.4.0",
      "resolved": "https://registry.npmjs.org/ccurllib/-/ccurllib-1.4.0.tgz",
      "integrity": "sha512-s9UtYnOXypmCoR2JXLYzhwUo6z+muG1nNDqLhUTgWNge0wAn7c4PeKtfUTHLmper96tsJR3wCz7hvctypAYYIw=="
    }
  },
  "dependencies": {
    "ccurllib": {
      "version": "1.4.0",
      "resolved": "https://registry.npmjs.org/ccurllib/-/ccurllib-1.4.0.tgz",
      "integrity": "sha512-s9UtYnOXypmCoR2JXLYzhwUo6z+muG1nNDqLhUTgWNge0wAn7c4PeKtfUTHLmper96tsJR3wCz7hvctypAYYIw=="
    }
  }
}
