{
  "name": "ccurl",
  "version": "2.0.1",
  "lockfileVersion": 3,
  "requires": true,
  "packages": {
    "": {
      "name": "ccurl",
      "version": "2.0.1",
      "license": "Apache-2.0",
      "dependencies": {
        "ccurllib": "^4.0.1"
      },
      "bin": {
        "ccurl": "bin/ccurl.bin.js"
      }
    },
    "node_modules/ccurllib": {
      "version": "4.0.1",
      "resolved": "https://registry.npmjs.org/ccurllib/-/ccurllib-4.0.1.tgz",
      "integrity": "sha512-NzyOZJin6QwzlNkbT8rTTwlVSXBvI8qZ8w9iZlIf56bRy3QYLDgnCcjSbCZ+4rvjFnRRzndiTryQ506a420k0w==",
      "license": "Apache-2.0"
    }
  }
}
